// !$*UTF8*$!
{
	archiveVersion = 1;
	classes = {
	};
	objectVersion = 55;
	objects = {

/* Begin PBXBuildFile section */
		783A574127A184BB007512B8 /* NetworkService.swift in Sources */ = {isa = PBXBuildFile; fileRef = 783A574027A184BB007512B8 /* NetworkService.swift */; };
		785D89CD273531DA00A6366D /* AppDelegate.swift in Sources */ = {isa = PBXBuildFile; fileRef = 785D89CC273531DA00A6366D /* AppDelegate.swift */; };
		785D89CF273531DA00A6366D /* SceneDelegate.swift in Sources */ = {isa = PBXBuildFile; fileRef = 785D89CE273531DA00A6366D /* SceneDelegate.swift */; };
		785D89D1273531DA00A6366D /* FeedViewController.swift in Sources */ = {isa = PBXBuildFile; fileRef = 785D89D0273531DA00A6366D /* FeedViewController.swift */; };
		785D89D6273531DD00A6366D /* Assets.xcassets in Resources */ = {isa = PBXBuildFile; fileRef = 785D89D5273531DD00A6366D /* Assets.xcassets */; };
		785D89D9273531DD00A6366D /* LaunchScreen.storyboard in Resources */ = {isa = PBXBuildFile; fileRef = 785D89D7273531DD00A6366D /* LaunchScreen.storyboard */; };
		785D89E12735399700A6366D /* MainTabBar.swift in Sources */ = {isa = PBXBuildFile; fileRef = 785D89E02735399700A6366D /* MainTabBar.swift */; };
		785D89E32735415700A6366D /* LoginViewController.swift in Sources */ = {isa = PBXBuildFile; fileRef = 785D89E22735415700A6366D /* LoginViewController.swift */; };
		785D89E82737FC6000A6366D /* ProfileViewController.swift in Sources */ = {isa = PBXBuildFile; fileRef = 785D89E72737FC6000A6366D /* ProfileViewController.swift */; };
		785D89EA27380C4900A6366D /* ProfileTableViewCell.swift in Sources */ = {isa = PBXBuildFile; fileRef = 785D89E927380C4900A6366D /* ProfileTableViewCell.swift */; };
		785D89EC27380C8800A6366D /* ProfileTableHeaderView.swift in Sources */ = {isa = PBXBuildFile; fileRef = 785D89EB27380C8800A6366D /* ProfileTableHeaderView.swift */; };
		785D89EE27380CA100A6366D /* ProfilePost.swift in Sources */ = {isa = PBXBuildFile; fileRef = 785D89ED27380CA100A6366D /* ProfilePost.swift */; };
		78900BFE275E5BB400F07DBC /* Checker.swift in Sources */ = {isa = PBXBuildFile; fileRef = 78900BFD275E5BB400F07DBC /* Checker.swift */; };
		789A0F3B278745A8000FDDE9 /* PhotosViewController.swift in Sources */ = {isa = PBXBuildFile; fileRef = 789A0F3A278745A8000FDDE9 /* PhotosViewController.swift */; };
		78A4CC062769047100625387 /* iOSIntPackage in Frameworks */ = {isa = PBXBuildFile; productRef = 78A4CC052769047100625387 /* iOSIntPackage */; };
		78A4CC08276A06A900625387 /* PhotosTableViewCell.swift in Sources */ = {isa = PBXBuildFile; fileRef = 78A4CC07276A06A900625387 /* PhotosTableViewCell.swift */; };
/* End PBXBuildFile section */

/* Begin PBXFileReference section */
		783A574027A184BB007512B8 /* NetworkService.swift */ = {isa = PBXFileReference; lastKnownFileType = sourcecode.swift; path = NetworkService.swift; sourceTree = "<group>"; };
		785D89C9273531DA00A6366D /* vk-code.app */ = {isa = PBXFileReference; explicitFileType = wrapper.application; includeInIndex = 0; path = "vk-code.app"; sourceTree = BUILT_PRODUCTS_DIR; };
		785D89CC273531DA00A6366D /* AppDelegate.swift */ = {isa = PBXFileReference; lastKnownFileType = sourcecode.swift; path = AppDelegate.swift; sourceTree = "<group>"; };
		785D89CE273531DA00A6366D /* SceneDelegate.swift */ = {isa = PBXFileReference; lastKnownFileType = sourcecode.swift; path = SceneDelegate.swift; sourceTree = "<group>"; };
		785D89D0273531DA00A6366D /* FeedViewController.swift */ = {isa = PBXFileReference; lastKnownFileType = sourcecode.swift; path = FeedViewController.swift; sourceTree = "<group>"; };
		785D89D5273531DD00A6366D /* Assets.xcassets */ = {isa = PBXFileReference; lastKnownFileType = folder.assetcatalog; path = Assets.xcassets; sourceTree = "<group>"; };
		785D89D8273531DD00A6366D /* Base */ = {isa = PBXFileReference; lastKnownFileType = file.storyboard; name = Base; path = Base.lproj/LaunchScreen.storyboard; sourceTree = "<group>"; };
		785D89DA273531DD00A6366D /* Info.plist */ = {isa = PBXFileReference; lastKnownFileType = text.plist.xml; name = Info.plist; path = "vk-code/App/Info.plist"; sourceTree = SOURCE_ROOT; };
		785D89E02735399700A6366D /* MainTabBar.swift */ = {isa = PBXFileReference; lastKnownFileType = sourcecode.swift; path = MainTabBar.swift; sourceTree = "<group>"; };
		785D89E22735415700A6366D /* LoginViewController.swift */ = {isa = PBXFileReference; lastKnownFileType = sourcecode.swift; path = LoginViewController.swift; sourceTree = "<group>"; };
		785D89E72737FC6000A6366D /* ProfileViewController.swift */ = {isa = PBXFileReference; lastKnownFileType = sourcecode.swift; path = ProfileViewController.swift; sourceTree = "<group>"; };
		785D89E927380C4900A6366D /* ProfileTableViewCell.swift */ = {isa = PBXFileReference; lastKnownFileType = sourcecode.swift; path = ProfileTableViewCell.swift; sourceTree = "<group>"; };
		785D89EB27380C8800A6366D /* ProfileTableHeaderView.swift */ = {isa = PBXFileReference; lastKnownFileType = sourcecode.swift; path = ProfileTableHeaderView.swift; sourceTree = "<group>"; };
		785D89ED27380CA100A6366D /* ProfilePost.swift */ = {isa = PBXFileReference; lastKnownFileType = sourcecode.swift; path = ProfilePost.swift; sourceTree = "<group>"; };
		78900BFD275E5BB400F07DBC /* Checker.swift */ = {isa = PBXFileReference; lastKnownFileType = sourcecode.swift; path = Checker.swift; sourceTree = "<group>"; };
		789A0F3A278745A8000FDDE9 /* PhotosViewController.swift */ = {isa = PBXFileReference; lastKnownFileType = sourcecode.swift; path = PhotosViewController.swift; sourceTree = "<group>"; };
		78A4CC07276A06A900625387 /* PhotosTableViewCell.swift */ = {isa = PBXFileReference; lastKnownFileType = sourcecode.swift; path = PhotosTableViewCell.swift; sourceTree = "<group>"; };
/* End PBXFileReference section */

/* Begin PBXFrameworksBuildPhase section */
		785D89C6273531DA00A6366D /* Frameworks */ = {
			isa = PBXFrameworksBuildPhase;
			buildActionMask = 2147483647;
			files = (
				78A4CC062769047100625387 /* iOSIntPackage in Frameworks */,
			);
			runOnlyForDeploymentPostprocessing = 0;
		};
/* End PBXFrameworksBuildPhase section */

/* Begin PBXGroup section */
		783A573F27A18445007512B8 /* Network */ = {
			isa = PBXGroup;
			children = (
				783A574027A184BB007512B8 /* NetworkService.swift */,
			);
			path = Network;
			sourceTree = "<group>";
		};
		785D89C0273531DA00A6366D = {
			isa = PBXGroup;
			children = (
				785D89CB273531DA00A6366D /* vk-code */,
				785D89CA273531DA00A6366D /* Products */,
			);
			sourceTree = "<group>";
		};
		785D89CA273531DA00A6366D /* Products */ = {
			isa = PBXGroup;
			children = (
				785D89C9273531DA00A6366D /* vk-code.app */,
			);
			name = Products;
			sourceTree = "<group>";
		};
		785D89CB273531DA00A6366D /* vk-code */ = {
			isa = PBXGroup;
			children = (
				785D89E62735417F00A6366D /* App */,
				785D89E52735417200A6366D /* Profile */,
				785D89E42735416200A6366D /* Feed */,
				783A573F27A18445007512B8 /* Network */,
			);
			path = "vk-code";
			sourceTree = "<group>";
		};
		785D89E42735416200A6366D /* Feed */ = {
			isa = PBXGroup;
			children = (
				785D89D0273531DA00A6366D /* FeedViewController.swift */,
			);
			path = Feed;
			sourceTree = "<group>";
		};
		785D89E52735417200A6366D /* Profile */ = {
			isa = PBXGroup;
			children = (
				785D89E22735415700A6366D /* LoginViewController.swift */,
				78900BFD275E5BB400F07DBC /* Checker.swift */,
				785D89E72737FC6000A6366D /* ProfileViewController.swift */,
				785D89EB27380C8800A6366D /* ProfileTableHeaderView.swift */,
				785D89E927380C4900A6366D /* ProfileTableViewCell.swift */,
				78A4CC07276A06A900625387 /* PhotosTableViewCell.swift */,
				785D89ED27380CA100A6366D /* ProfilePost.swift */,
				789A0F3A278745A8000FDDE9 /* PhotosViewController.swift */,
			);
			path = Profile;
			sourceTree = "<group>";
		};
		785D89E62735417F00A6366D /* App */ = {
			isa = PBXGroup;
			children = (
				785D89CC273531DA00A6366D /* AppDelegate.swift */,
				785D89CE273531DA00A6366D /* SceneDelegate.swift */,
				785D89E02735399700A6366D /* MainTabBar.swift */,
				785D89D7273531DD00A6366D /* LaunchScreen.storyboard */,
				785D89D5273531DD00A6366D /* Assets.xcassets */,
				785D89DA273531DD00A6366D /* Info.plist */,
			);
			path = App;
			sourceTree = "<group>";
		};
/* End PBXGroup section */

/* Begin PBXNativeTarget section */
		785D89C8273531DA00A6366D /* vk-code */ = {
			isa = PBXNativeTarget;
			buildConfigurationList = 785D89DD273531DD00A6366D /* Build configuration list for PBXNativeTarget "vk-code" */;
			buildPhases = (
				785D89C5273531DA00A6366D /* Sources */,
				785D89C6273531DA00A6366D /* Frameworks */,
				785D89C7273531DA00A6366D /* Resources */,
			);
			buildRules = (
			);
			dependencies = (
			);
			name = "vk-code";
			packageProductDependencies = (
				78A4CC052769047100625387 /* iOSIntPackage */,
			);
			productName = "vk-code";
			productReference = 785D89C9273531DA00A6366D /* vk-code.app */;
			productType = "com.apple.product-type.application";
		};
/* End PBXNativeTarget section */

/* Begin PBXProject section */
		785D89C1273531DA00A6366D /* Project object */ = {
			isa = PBXProject;
			attributes = {
				BuildIndependentTargetsInParallel = 1;
				LastSwiftUpdateCheck = 1310;
				LastUpgradeCheck = 1310;
				TargetAttributes = {
					785D89C8273531DA00A6366D = {
						CreatedOnToolsVersion = 13.1;
					};
				};
			};
			buildConfigurationList = 785D89C4273531DA00A6366D /* Build configuration list for PBXProject "vk-code" */;
			compatibilityVersion = "Xcode 13.0";
			developmentRegion = en;
			hasScannedForEncodings = 0;
			knownRegions = (
				en,
				Base,
			);
			mainGroup = 785D89C0273531DA00A6366D;
			packageReferences = (
				78A4CC042769047100625387 /* XCRemoteSwiftPackageReference "iOSIntPackage" */,
			);
			productRefGroup = 785D89CA273531DA00A6366D /* Products */;
			projectDirPath = "";
			projectRoot = "";
			targets = (
				785D89C8273531DA00A6366D /* vk-code */,
			);
		};
/* End PBXProject section */

/* Begin PBXResourcesBuildPhase section */
		785D89C7273531DA00A6366D /* Resources */ = {
			isa = PBXResourcesBuildPhase;
			buildActionMask = 2147483647;
			files = (
				785D89D9273531DD00A6366D /* LaunchScreen.storyboard in Resources */,
				785D89D6273531DD00A6366D /* Assets.xcassets in Resources */,
			);
			runOnlyForDeploymentPostprocessing = 0;
		};
/* End PBXResourcesBuildPhase section */

/* Begin PBXSourcesBuildPhase section */
		785D89C5273531DA00A6366D /* Sources */ = {
			isa = PBXSourcesBuildPhase;
			buildActionMask = 2147483647;
			files = (
				785D89E82737FC6000A6366D /* ProfileViewController.swift in Sources */,
				78900BFE275E5BB400F07DBC /* Checker.swift in Sources */,
				785D89EA27380C4900A6366D /* ProfileTableViewCell.swift in Sources */,
				78A4CC08276A06A900625387 /* PhotosTableViewCell.swift in Sources */,
				785D89E12735399700A6366D /* MainTabBar.swift in Sources */,
				785D89D1273531DA00A6366D /* FeedViewController.swift in Sources */,
				785D89EC27380C8800A6366D /* ProfileTableHeaderView.swift in Sources */,
				785D89EE27380CA100A6366D /* ProfilePost.swift in Sources */,
				785D89CD273531DA00A6366D /* AppDelegate.swift in Sources */,
				789A0F3B278745A8000FDDE9 /* PhotosViewController.swift in Sources */,
				785D89E32735415700A6366D /* LoginViewController.swift in Sources */,
				783A574127A184BB007512B8 /* NetworkService.swift in Sources */,
				785D89CF273531DA00A6366D /* SceneDelegate.swift in Sources */,
			);
			runOnlyForDeploymentPostprocessing = 0;
		};
/* End PBXSourcesBuildPhase section */

/* Begin PBXVariantGroup section */
		785D89D7273531DD00A6366D /* LaunchScreen.storyboard */ = {
			isa = PBXVariantGroup;
			children = (
				785D89D8273531DD00A6366D /* Base */,
			);
			name = LaunchScreen.storyboard;
			sourceTree = "<group>";
		};
/* End PBXVariantGroup section */

/* Begin XCBuildConfiguration section */
		785D89DB273531DD00A6366D /* Debug */ = {
			isa = XCBuildConfiguration;
			buildSettings = {
				ALWAYS_SEARCH_USER_PATHS = NO;
				CLANG_ANALYZER_NONNULL = YES;
				CLANG_ANALYZER_NUMBER_OBJECT_CONVERSION = YES_AGGRESSIVE;
				CLANG_CXX_LANGUAGE_STANDARD = "gnu++17";
				CLANG_CXX_LIBRARY = "libc++";
				CLANG_ENABLE_MODULES = YES;
				CLANG_ENABLE_OBJC_ARC = YES;
				CLANG_ENABLE_OBJC_WEAK = YES;
				CLANG_WARN_BLOCK_CAPTURE_AUTORELEASING = YES;
				CLANG_WARN_BOOL_CONVERSION = YES;
				CLANG_WARN_COMMA = YES;
				CLANG_WARN_CONSTANT_CONVERSION = YES;
				CLANG_WARN_DEPRECATED_OBJC_IMPLEMENTATIONS = YES;
				CLANG_WARN_DIRECT_OBJC_ISA_USAGE = YES_ERROR;
				CLANG_WARN_DOCUMENTATION_COMMENTS = YES;
				CLANG_WARN_EMPTY_BODY = YES;
				CLANG_WARN_ENUM_CONVERSION = YES;
				CLANG_WARN_INFINITE_RECURSION = YES;
				CLANG_WARN_INT_CONVERSION = YES;
				CLANG_WARN_NON_LITERAL_NULL_CONVERSION = YES;
				CLANG_WARN_OBJC_IMPLICIT_RETAIN_SELF = YES;
				CLANG_WARN_OBJC_LITERAL_CONVERSION = YES;
				CLANG_WARN_OBJC_ROOT_CLASS = YES_ERROR;
				CLANG_WARN_QUOTED_INCLUDE_IN_FRAMEWORK_HEADER = YES;
				CLANG_WARN_RANGE_LOOP_ANALYSIS = YES;
				CLANG_WARN_STRICT_PROTOTYPES = YES;
				CLANG_WARN_SUSPICIOUS_MOVE = YES;
				CLANG_WARN_UNGUARDED_AVAILABILITY = YES_AGGRESSIVE;
				CLANG_WARN_UNREACHABLE_CODE = YES;
				CLANG_WARN__DUPLICATE_METHOD_MATCH = YES;
				COPY_PHASE_STRIP = NO;
				DEBUG_INFORMATION_FORMAT = dwarf;
				ENABLE_STRICT_OBJC_MSGSEND = YES;
				ENABLE_TESTABILITY = YES;
				GCC_C_LANGUAGE_STANDARD = gnu11;
				GCC_DYNAMIC_NO_PIC = NO;
				GCC_NO_COMMON_BLOCKS = YES;
				GCC_OPTIMIZATION_LEVEL = 0;
				GCC_PREPROCESSOR_DEFINITIONS = (
					"DEBUG=1",
					"$(inherited)",
				);
				GCC_WARN_64_TO_32_BIT_CONVERSION = YES;
				GCC_WARN_ABOUT_RETURN_TYPE = YES_ERROR;
				GCC_WARN_UNDECLARED_SELECTOR = YES;
				GCC_WARN_UNINITIALIZED_AUTOS = YES_AGGRESSIVE;
				GCC_WARN_UNUSED_FUNCTION = YES;
				GCC_WARN_UNUSED_VARIABLE = YES;
				IPHONEOS_DEPLOYMENT_TARGET = 15.0;
				MTL_ENABLE_DEBUG_INFO = INCLUDE_SOURCE;
				MTL_FAST_MATH = YES;
				ONLY_ACTIVE_ARCH = YES;
				SDKROOT = iphoneos;
				SWIFT_ACTIVE_COMPILATION_CONDITIONS = DEBUG;
				SWIFT_OPTIMIZATION_LEVEL = "-Onone";
			};
			name = Debug;
		};
		785D89DC273531DD00A6366D /* Release */ = {
			isa = XCBuildConfiguration;
			buildSettings = {
				ALWAYS_SEARCH_USER_PATHS = NO;
				CLANG_ANALYZER_NONNULL = YES;
				CLANG_ANALYZER_NUMBER_OBJECT_CONVERSION = YES_AGGRESSIVE;
				CLANG_CXX_LANGUAGE_STANDARD = "gnu++17";
				CLANG_CXX_LIBRARY = "libc++";
				CLANG_ENABLE_MODULES = YES;
				CLANG_ENABLE_OBJC_ARC = YES;
				CLANG_ENABLE_OBJC_WEAK = YES;
				CLANG_WARN_BLOCK_CAPTURE_AUTORELEASING = YES;
				CLANG_WARN_BOOL_CONVERSION = YES;
				CLANG_WARN_COMMA = YES;
				CLANG_WARN_CONSTANT_CONVERSION = YES;
				CLANG_WARN_DEPRECATED_OBJC_IMPLEMENTATIONS = YES;
				CLANG_WARN_DIRECT_OBJC_ISA_USAGE = YES_ERROR;
				CLANG_WARN_DOCUMENTATION_COMMENTS = YES;
				CLANG_WARN_EMPTY_BODY = YES;
				CLANG_WARN_ENUM_CONVERSION = YES;
				CLANG_WARN_INFINITE_RECURSION = YES;
				CLANG_WARN_INT_CONVERSION = YES;
				CLANG_WARN_NON_LITERAL_NULL_CONVERSION = YES;
				CLANG_WARN_OBJC_IMPLICIT_RETAIN_SELF = YES;
				CLANG_WARN_OBJC_LITERAL_CONVERSION = YES;
				CLANG_WARN_OBJC_ROOT_CLASS = YES_ERROR;
				CLANG_WARN_QUOTED_INCLUDE_IN_FRAMEWORK_HEADER = YES;
				CLANG_WARN_RANGE_LOOP_ANALYSIS = YES;
				CLANG_WARN_STRICT_PROTOTYPES = YES;
				CLANG_WARN_SUSPICIOUS_MOVE = YES;
				CLANG_WARN_UNGUARDED_AVAILABILITY = YES_AGGRESSIVE;
				CLANG_WARN_UNREACHABLE_CODE = YES;
				CLANG_WARN__DUPLICATE_METHOD_MATCH = YES;
				COPY_PHASE_STRIP = NO;
				DEBUG_INFORMATION_FORMAT = "dwarf-with-dsym";
				ENABLE_NS_ASSERTIONS = NO;
				ENABLE_STRICT_OBJC_MSGSEND = YES;
				GCC_C_LANGUAGE_STANDARD = gnu11;
				GCC_NO_COMMON_BLOCKS = YES;
				GCC_WARN_64_TO_32_BIT_CONVERSION = YES;
				GCC_WARN_ABOUT_RETURN_TYPE = YES_ERROR;
				GCC_WARN_UNDECLARED_SELECTOR = YES;
				GCC_WARN_UNINITIALIZED_AUTOS = YES_AGGRESSIVE;
				GCC_WARN_UNUSED_FUNCTION = YES;
				GCC_WARN_UNUSED_VARIABLE = YES;
				IPHONEOS_DEPLOYMENT_TARGET = 15.0;
				MTL_ENABLE_DEBUG_INFO = NO;
				MTL_FAST_MATH = YES;
				SDKROOT = iphoneos;
				SWIFT_COMPILATION_MODE = wholemodule;
				SWIFT_OPTIMIZATION_LEVEL = "-O";
				VALIDATE_PRODUCT = YES;
			};
			name = Release;
		};
		785D89DE273531DD00A6366D /* Debug */ = {
			isa = XCBuildConfiguration;
			buildSettings = {
				ASSETCATALOG_COMPILER_APPICON_NAME = AppIcon;
				ASSETCATALOG_COMPILER_GLOBAL_ACCENT_COLOR_NAME = AccentColor;
				CODE_SIGN_STYLE = Automatic;
				CURRENT_PROJECT_VERSION = 1;
				DEVELOPMENT_TEAM = 38M5R6N3T2;
				GENERATE_INFOPLIST_FILE = YES;
				INFOPLIST_FILE = "vk-code/App/Info.plist";
				INFOPLIST_KEY_UIApplicationSupportsIndirectInputEvents = YES;
				INFOPLIST_KEY_UILaunchStoryboardName = LaunchScreen;
				INFOPLIST_KEY_UISupportedInterfaceOrientations_iPad = "UIInterfaceOrientationPortrait UIInterfaceOrientationPortraitUpsideDown UIInterfaceOrientationLandscapeLeft UIInterfaceOrientationLandscapeRight";
				INFOPLIST_KEY_UISupportedInterfaceOrientations_iPhone = "UIInterfaceOrientationPortrait UIInterfaceOrientationLandscapeLeft UIInterfaceOrientationLandscapeRight";
				LD_RUNPATH_SEARCH_PATHS = (
					"$(inherited)",
					"@executable_path/Frameworks",
				);
				MARKETING_VERSION = 1.0;
				PRODUCT_BUNDLE_IDENTIFIER = "ss.vk-code";
				PRODUCT_NAME = "$(TARGET_NAME)";
				SWIFT_EMIT_LOC_STRINGS = YES;
				SWIFT_VERSION = 5.0;
				TARGETED_DEVICE_FAMILY = "1,2";
			};
			name = Debug;
		};
		785D89DF273531DD00A6366D /* Release */ = {
			isa = XCBuildConfiguration;
			buildSettings = {
				ASSETCATALOG_COMPILER_APPICON_NAME = AppIcon;
				ASSETCATALOG_COMPILER_GLOBAL_ACCENT_COLOR_NAME = AccentColor;
				CODE_SIGN_STYLE = Automatic;
				CURRENT_PROJECT_VERSION = 1;
				DEVELOPMENT_TEAM = 38M5R6N3T2;
				GENERATE_INFOPLIST_FILE = YES;
				INFOPLIST_FILE = "vk-code/App/Info.plist";
				INFOPLIST_KEY_UIApplicationSupportsIndirectInputEvents = YES;
				INFOPLIST_KEY_UILaunchStoryboardName = LaunchScreen;
				INFOPLIST_KEY_UISupportedInterfaceOrientations_iPad = "UIInterfaceOrientationPortrait UIInterfaceOrientationPortraitUpsideDown UIInterfaceOrientationLandscapeLeft UIInterfaceOrientationLandscapeRight";
				INFOPLIST_KEY_UISupportedInterfaceOrientations_iPhone = "UIInterfaceOrientationPortrait UIInterfaceOrientationLandscapeLeft UIInterfaceOrientationLandscapeRight";
				LD_RUNPATH_SEARCH_PATHS = (
					"$(inherited)",
					"@executable_path/Frameworks",
				);
				MARKETING_VERSION = 1.0;
				PRODUCT_BUNDLE_IDENTIFIER = "ss.vk-code";
				PRODUCT_NAME = "$(TARGET_NAME)";
				SWIFT_EMIT_LOC_STRINGS = YES;
				SWIFT_VERSION = 5.0;
				TARGETED_DEVICE_FAMILY = "1,2";
			};
			name = Release;
		};
/* End XCBuildConfiguration section */

/* Begin XCConfigurationList section */
		785D89C4273531DA00A6366D /* Build configuration list for PBXProject "vk-code" */ = {
			isa = XCConfigurationList;
			buildConfigurations = (
				785D89DB273531DD00A6366D /* Debug */,
				785D89DC273531DD00A6366D /* Release */,
			);
			defaultConfigurationIsVisible = 0;
			defaultConfigurationName = Release;
		};
		785D89DD273531DD00A6366D /* Build configuration list for PBXNativeTarget "vk-code" */ = {
			isa = XCConfigurationList;
			buildConfigurations = (
				785D89DE273531DD00A6366D /* Debug */,
				785D89DF273531DD00A6366D /* Release */,
			);
			defaultConfigurationIsVisible = 0;
			defaultConfigurationName = Release;
		};
/* End XCConfigurationList section */

/* Begin XCRemoteSwiftPackageReference section */
		78A4CC042769047100625387 /* XCRemoteSwiftPackageReference "iOSIntPackage" */ = {
			isa = XCRemoteSwiftPackageReference;
			repositoryURL = "https://github.com/TrueMax/iOSIntPackage";
			requirement = {
				branch = imagepublisher;
				kind = branch;
			};
		};
/* End XCRemoteSwiftPackageReference section */

/* Begin XCSwiftPackageProductDependency section */
		78A4CC052769047100625387 /* iOSIntPackage */ = {
			isa = XCSwiftPackageProductDependency;
			package = 78A4CC042769047100625387 /* XCRemoteSwiftPackageReference "iOSIntPackage" */;
			productName = iOSIntPackage;
		};
/* End XCSwiftPackageProductDependency section */
	};
	rootObject = 785D89C1273531DA00A6366D /* Project object */;
}
